
Microsoft Visual Studio Solution File, Format Version 12.00
# Visual Studio Version 17
VisualStudioVersion = 17.8.34330.188
MinimumVisualStudioVersion = 10.0.40219.1
Project("{FAE04EC0-301F-11D3-BF4B-00C04F79EFBC}") = "Triple", "Triple.csproj", "{E44F9589-FECC-4EF8-B25F-1C502162AC8A}"
EndProject
Global
	GlobalSection(SolutionConfigurationPlatforms) = preSolution
		Debug|Any CPU = Debug|Any CPU
		Release|Any CPU = Release|Any CPU
	EndGlobalSection
	GlobalSection(ProjectConfigurationPlatforms) = postSolution
		{E44F9589-FECC-4EF8-B25F-1C502162AC8A}.Debug|Any CPU.ActiveCfg = Debug|Any CPU
		{E44F9589-FECC-4EF8-B25F-1C502162AC8A}.Debug|Any CPU.Build.0 = Debug|Any CPU
		{E44F9589-FECC-4EF8-B25F-1C502162AC8A}.Release|Any CPU.ActiveCfg = Release|Any CPU
		{E44F9589-FECC-4EF8-B25F-1C502162AC8A}.Release|Any CPU.Build.0 = Release|Any CPU
	EndGlobalSection
	GlobalSection(SolutionProperties) = preSolution
		HideSolutionNode = FALSE
	EndGlobalSection
	GlobalSection(ExtensibilityGlobals) = postSolution
		SolutionGuid = {1949B18F-F380-4FDE-B249-842FF210E60A}
	EndGlobalSection
EndGlobal
